
Microsoft Visual Studio Solution File, Format Version 12.00
# Visual Studio Version 17
VisualStudioVersion = 17.0.31912.275
MinimumVisualStudioVersion = 10.0.40219.1
Project("{2150E333-8FDC-42A3-9474-1A3956D46DE8}") = "Src", "Src", "{B5FACDAF-2EBC-484A-9988-B4B90F0A7A7F}"
EndProject
Project("{2150E333-8FDC-42A3-9474-1A3956D46DE8}") = "Tests", "Tests", "{1F48D2BC-AF5A-438F-8EA7-3F4E3A91AAA3}"
EndProject
Project("{2150E333-8FDC-42A3-9474-1A3956D46DE8}") = "Doc", "Doc", "{DE9625CD-25C1-4F9F-B6F1-95E5665036ED}"
EndProject
Project("{2150E333-8FDC-42A3-9474-1A3956D46DE8}") = "Solution Items", "Solution Items", "{B37BF7BB-CD00-4A6B-928A-6FC34B46F07D}"
EndProject
Project("{2150E333-8FDC-42A3-9474-1A3956D46DE8}") = "Core", "Core", "{13D1D567-6901-48D4-85E2-BEEC9F374CC2}"
EndProject
Project("{9A19103F-16F7-4668-BE54-9A1E7A4F7556}") = "Domain", "Domain\Domain.csproj", "{CA502A2F-C437-475B-BA0C-B5FA09658652}"
EndProject
Project("{9A19103F-16F7-4668-BE54-9A1E7A4F7556}") = "Application", "Application\Application.csproj", "{9BB04A8D-E198-4C26-AE46-5F2A9E81569D}"
EndProject
Project("{2150E333-8FDC-42A3-9474-1A3956D46DE8}") = "Presentaion", "Presentaion", "{AC23CD8E-7C11-46D6-B384-BF730EDEDCC9}"
EndProject
Project("{2150E333-8FDC-42A3-9474-1A3956D46DE8}") = "Infrastructures", "Infrastructures", "{A2DFAEA3-4C13-4C10-9AD8-74045476D64D}"
EndProject
Project("{9A19103F-16F7-4668-BE54-9A1E7A4F7556}") = "Infrastructure", "Infrastructure\Infrastructure.csproj", "{E5C97D47-7F1B-435B-89F4-F53E5B2FD7AD}"
EndProject
Project("{9A19103F-16F7-4668-BE54-9A1E7A4F7556}") = "Persistence", "Persistence\Persistence.csproj", "{655ED4A4-339F-480D-A2A3-A78BD6CD891D}"
EndProject
Project("{9A19103F-16F7-4668-BE54-9A1E7A4F7556}") = "WebSite.EndPoint", "WebSite.EndPoint\WebSite.EndPoint.csproj", "{FD8AC449-8D60-4199-A927-49D6EA5E9876}"
EndProject
Project("{9A19103F-16F7-4668-BE54-9A1E7A4F7556}") = "Admin.EndPoint", "Admin.EndPoint\Admin.EndPoint.csproj", "{4BA9CA57-0E2F-4F69-8377-FD07092B3DDE}"
EndProject
Project("{2150E333-8FDC-42A3-9474-1A3956D46DE8}") = "Commons", "Commons", "{8C6A3494-11E0-4D6C-B30D-A7C1A929F5D4}"
EndProject
Project("{9A19103F-16F7-4668-BE54-9A1E7A4F7556}") = "Common", "Common\Common.csproj", "{7A83484F-A4E5-4B4A-B56C-2329C7891BCF}"
EndProject
Project("{9A19103F-16F7-4668-BE54-9A1E7A4F7556}") = "StaticFile.EndPoint", "StaticFile.EndPoint\StaticFile.EndPoint.csproj", "{F1A89324-B7AF-4C71-B5E9-25731122AF6B}"
EndProject
Project("{FAE04EC0-301F-11D3-BF4B-00C04F79EFBC}") = "UnitTest1", "UnitTest1\UnitTest1.csproj", "{57086F1C-24F0-4C15-8CDF-55EAB7AD32A3}"
EndProject
Global
	GlobalSection(SolutionConfigurationPlatforms) = preSolution
		Debug|Any CPU = Debug|Any CPU
		Release|Any CPU = Release|Any CPU
	EndGlobalSection
	GlobalSection(ProjectConfigurationPlatforms) = postSolution
		{CA502A2F-C437-475B-BA0C-B5FA09658652}.Debug|Any CPU.ActiveCfg = Debug|Any CPU
		{CA502A2F-C437-475B-BA0C-B5FA09658652}.Debug|Any CPU.Build.0 = Debug|Any CPU
		{CA502A2F-C437-475B-BA0C-B5FA09658652}.Release|Any CPU.ActiveCfg = Release|Any CPU
		{CA502A2F-C437-475B-BA0C-B5FA09658652}.Release|Any CPU.Build.0 = Release|Any CPU
		{9BB04A8D-E198-4C26-AE46-5F2A9E81569D}.Debug|Any CPU.ActiveCfg = Debug|Any CPU
		{9BB04A8D-E198-4C26-AE46-5F2A9E81569D}.Debug|Any CPU.Build.0 = Debug|Any CPU
		{9BB04A8D-E198-4C26-AE46-5F2A9E81569D}.Release|Any CPU.ActiveCfg = Release|Any CPU
		{9BB04A8D-E198-4C26-AE46-5F2A9E81569D}.Release|Any CPU.Build.0 = Release|Any CPU
		{E5C97D47-7F1B-435B-89F4-F53E5B2FD7AD}.Debug|Any CPU.ActiveCfg = Debug|Any CPU
		{E5C97D47-7F1B-435B-89F4-F53E5B2FD7AD}.Debug|Any CPU.Build.0 = Debug|Any CPU
		{E5C97D47-7F1B-435B-89F4-F53E5B2FD7AD}.Release|Any CPU.ActiveCfg = Release|Any CPU
		{E5C97D47-7F1B-435B-89F4-F53E5B2FD7AD}.Release|Any CPU.Build.0 = Release|Any CPU
		{655ED4A4-339F-480D-A2A3-A78BD6CD891D}.Debug|Any CPU.ActiveCfg = Debug|Any CPU
		{655ED4A4-339F-480D-A2A3-A78BD6CD891D}.Debug|Any CPU.Build.0 = Debug|Any CPU
		{655ED4A4-339F-480D-A2A3-A78BD6CD891D}.Release|Any CPU.ActiveCfg = Release|Any CPU
		{655ED4A4-339F-480D-A2A3-A78BD6CD891D}.Release|Any CPU.Build.0 = Release|Any CPU
		{FD8AC449-8D60-4199-A927-49D6EA5E9876}.Debug|Any CPU.ActiveCfg = Debug|Any CPU
		{FD8AC449-8D60-4199-A927-49D6EA5E9876}.Debug|Any CPU.Build.0 = Debug|Any CPU
		{FD8AC449-8D60-4199-A927-49D6EA5E9876}.Release|Any CPU.ActiveCfg = Release|Any CPU
		{FD8AC449-8D60-4199-A927-49D6EA5E9876}.Release|Any CPU.Build.0 = Release|Any CPU
		{4BA9CA57-0E2F-4F69-8377-FD07092B3DDE}.Debug|Any CPU.ActiveCfg = Debug|Any CPU
		{4BA9CA57-0E2F-4F69-8377-FD07092B3DDE}.Debug|Any CPU.Build.0 = Debug|Any CPU
		{4BA9CA57-0E2F-4F69-8377-FD07092B3DDE}.Release|Any CPU.ActiveCfg = Release|Any CPU
		{4BA9CA57-0E2F-4F69-8377-FD07092B3DDE}.Release|Any CPU.Build.0 = Release|Any CPU
		{7A83484F-A4E5-4B4A-B56C-2329C7891BCF}.Debug|Any CPU.ActiveCfg = Debug|Any CPU
		{7A83484F-A4E5-4B4A-B56C-2329C7891BCF}.Debug|Any CPU.Build.0 = Debug|Any CPU
		{7A83484F-A4E5-4B4A-B56C-2329C7891BCF}.Release|Any CPU.ActiveCfg = Release|Any CPU
		{7A83484F-A4E5-4B4A-B56C-2329C7891BCF}.Release|Any CPU.Build.0 = Release|Any CPU
		{F1A89324-B7AF-4C71-B5E9-25731122AF6B}.Debug|Any CPU.ActiveCfg = Debug|Any CPU
		{F1A89324-B7AF-4C71-B5E9-25731122AF6B}.Debug|Any CPU.Build.0 = Debug|Any CPU
		{F1A89324-B7AF-4C71-B5E9-25731122AF6B}.Release|Any CPU.ActiveCfg = Release|Any CPU
		{F1A89324-B7AF-4C71-B5E9-25731122AF6B}.Release|Any CPU.Build.0 = Release|Any CPU
		{57086F1C-24F0-4C15-8CDF-55EAB7AD32A3}.Debug|Any CPU.ActiveCfg = Debug|Any CPU
		{57086F1C-24F0-4C15-8CDF-55EAB7AD32A3}.Debug|Any CPU.Build.0 = Debug|Any CPU
		{57086F1C-24F0-4C15-8CDF-55EAB7AD32A3}.Release|Any CPU.ActiveCfg = Release|Any CPU
		{57086F1C-24F0-4C15-8CDF-55EAB7AD32A3}.Release|Any CPU.Build.0 = Release|Any CPU
	EndGlobalSection
	GlobalSection(SolutionProperties) = preSolution
		HideSolutionNode = FALSE
	EndGlobalSection
	GlobalSection(NestedProjects) = preSolution
		{13D1D567-6901-48D4-85E2-BEEC9F374CC2} = {B5FACDAF-2EBC-484A-9988-B4B90F0A7A7F}
		{CA502A2F-C437-475B-BA0C-B5FA09658652} = {13D1D567-6901-48D4-85E2-BEEC9F374CC2}
		{9BB04A8D-E198-4C26-AE46-5F2A9E81569D} = {13D1D567-6901-48D4-85E2-BEEC9F374CC2}
		{AC23CD8E-7C11-46D6-B384-BF730EDEDCC9} = {B5FACDAF-2EBC-484A-9988-B4B90F0A7A7F}
		{A2DFAEA3-4C13-4C10-9AD8-74045476D64D} = {B5FACDAF-2EBC-484A-9988-B4B90F0A7A7F}
		{E5C97D47-7F1B-435B-89F4-F53E5B2FD7AD} = {A2DFAEA3-4C13-4C10-9AD8-74045476D64D}
		{655ED4A4-339F-480D-A2A3-A78BD6CD891D} = {A2DFAEA3-4C13-4C10-9AD8-74045476D64D}
		{FD8AC449-8D60-4199-A927-49D6EA5E9876} = {AC23CD8E-7C11-46D6-B384-BF730EDEDCC9}
		{4BA9CA57-0E2F-4F69-8377-FD07092B3DDE} = {AC23CD8E-7C11-46D6-B384-BF730EDEDCC9}
		{8C6A3494-11E0-4D6C-B30D-A7C1A929F5D4} = {B5FACDAF-2EBC-484A-9988-B4B90F0A7A7F}
		{7A83484F-A4E5-4B4A-B56C-2329C7891BCF} = {8C6A3494-11E0-4D6C-B30D-A7C1A929F5D4}
		{F1A89324-B7AF-4C71-B5E9-25731122AF6B} = {AC23CD8E-7C11-46D6-B384-BF730EDEDCC9}
		{57086F1C-24F0-4C15-8CDF-55EAB7AD32A3} = {1F48D2BC-AF5A-438F-8EA7-3F4E3A91AAA3}
	EndGlobalSection
	GlobalSection(ExtensibilityGlobals) = postSolution
		SolutionGuid = {E359F3DE-7907-44DB-BA9C-F821DCB83142}
	EndGlobalSection
EndGlobal
